// !$*UTF8*$!
{
	archiveVersion = 1;
	classes = {
	};
	objectVersion = 46;
	objects = {

/* Begin PBXBuildFile section */
		132A3AA1B0C6A7A0AF3319B4 /* Pods_AppGraffiti.framework in Frameworks */ = {isa = PBXBuildFile; fileRef = 3E7F2479716F7ED353CF478D /* Pods_AppGraffiti.framework */; };
		634A66B01E4FBA8800603F6A /* APIUTILS.swift in Sources */ = {isa = PBXBuildFile; fileRef = 634A66AF1E4FBA8800603F6A /* APIUTILS.swift */; };
		634A66B21E4FC68800603F6A /* DetalleGraffitiViewController.swift in Sources */ = {isa = PBXBuildFile; fileRef = 634A66B11E4FC68800603F6A /* DetalleGraffitiViewController.swift */; };
		634A66BA1E5395A500603F6A /* SWRevealViewController.m in Sources */ = {isa = PBXBuildFile; fileRef = 634A66B91E5395A500603F6A /* SWRevealViewController.m */; };
		634A66BD1E539CE000603F6A /* NoticiasJSONTableViewController.swift in Sources */ = {isa = PBXBuildFile; fileRef = 634A66BC1E539CE000603F6A /* NoticiasJSONTableViewController.swift */; };
		634A66BF1E53A06600603F6A /* Podfile in Resources */ = {isa = PBXBuildFile; fileRef = 634A66BE1E53A06600603F6A /* Podfile */; };
		634A66C21E53A12D00603F6A /* Nuke.framework in Frameworks */ = {isa = PBXBuildFile; fileRef = 634A66C01E53A12D00603F6A /* Nuke.framework */; };
		634A66C31E53A12D00603F6A /* SwiftyJSON.framework in Frameworks */ = {isa = PBXBuildFile; fileRef = 634A66C11E53A12D00603F6A /* SwiftyJSON.framework */; };
		634A66C61E53A15B00603F6A /* NoticiaCustomCell.swift in Sources */ = {isa = PBXBuildFile; fileRef = 634A66C41E53A15B00603F6A /* NoticiaCustomCell.swift */; };
		634A66C71E53A15B00603F6A /* NoticiaCustomCell.xib in Resources */ = {isa = PBXBuildFile; fileRef = 634A66C51E53A15B00603F6A /* NoticiaCustomCell.xib */; };
		634A66C91E53A27100603F6A /* GFNoticiasModel.swift in Sources */ = {isa = PBXBuildFile; fileRef = 634A66C81E53A27100603F6A /* GFNoticiasModel.swift */; };
		634A66CD1E53A32500603F6A /* GFParserData.swift in Sources */ = {isa = PBXBuildFile; fileRef = 634A66CC1E53A32500603F6A /* GFParserData.swift */; };
		634A66CF1E53A48400603F6A /* APIManagerData.swift in Sources */ = {isa = PBXBuildFile; fileRef = 634A66CE1E53A48400603F6A /* APIManagerData.swift */; };
		63CC964A1E4FB2C80068B2C8 /* AppDelegate.swift in Sources */ = {isa = PBXBuildFile; fileRef = 63CC96491E4FB2C80068B2C8 /* AppDelegate.swift */; };
		63CC964C1E4FB2C80068B2C8 /* CurrentLocationViewController.swift in Sources */ = {isa = PBXBuildFile; fileRef = 63CC964B1E4FB2C80068B2C8 /* CurrentLocationViewController.swift */; };
		63CC964F1E4FB2C80068B2C8 /* Main.storyboard in Resources */ = {isa = PBXBuildFile; fileRef = 63CC964D1E4FB2C80068B2C8 /* Main.storyboard */; };
		63CC96511E4FB2C80068B2C8 /* Assets.xcassets in Resources */ = {isa = PBXBuildFile; fileRef = 63CC96501E4FB2C80068B2C8 /* Assets.xcassets */; };
		63CC96541E4FB2C80068B2C8 /* LaunchScreen.storyboard in Resources */ = {isa = PBXBuildFile; fileRef = 63CC96521E4FB2C80068B2C8 /* LaunchScreen.storyboard */; };
		63DAEE051E58B15F0082FCF7 /* GraffitiModel.swift in Sources */ = {isa = PBXBuildFile; fileRef = 63DAEE041E58B15F0082FCF7 /* GraffitiModel.swift */; };
		63DAEE0A1E58BCD80082FCF7 /* APIHELPERS.swift in Sources */ = {isa = PBXBuildFile; fileRef = 63DAEE091E58BCD80082FCF7 /* APIHELPERS.swift */; };
		63DAEE0C1E5BB00B0082FCF7 /* ImagenGrafitiViewController.swift in Sources */ = {isa = PBXBuildFile; fileRef = 63DAEE0B1E5BB00B0082FCF7 /* ImagenGrafitiViewController.swift */; };
		63DAEE0E1E5C6F4C0082FCF7 /* GFdcComicsModel.swift in Sources */ = {isa = PBXBuildFile; fileRef = 63DAEE0D1E5C6F4C0082FCF7 /* GFdcComicsModel.swift */; };
		63DAEE111E5C9DB50082FCF7 /* GFParserIMDBEjemplo.swift in Sources */ = {isa = PBXBuildFile; fileRef = 63DAEE101E5C9DB50082FCF7 /* GFParserIMDBEjemplo.swift */; };
		63DAEE161E5C9DC20082FCF7 /* Alamofire.framework in Frameworks */ = {isa = PBXBuildFile; fileRef = 63DAEE121E5C9DC20082FCF7 /* Alamofire.framework */; };
		63DAEE171E5C9DC20082FCF7 /* Kingfisher.framework in Frameworks */ = {isa = PBXBuildFile; fileRef = 63DAEE131E5C9DC20082FCF7 /* Kingfisher.framework */; };
		63DAEE181E5C9DC20082FCF7 /* PKHUD.framework in Frameworks */ = {isa = PBXBuildFile; fileRef = 63DAEE141E5C9DC20082FCF7 /* PKHUD.framework */; };
		63DAEE191E5C9DC20082FCF7 /* PromiseKit.framework in Frameworks */ = {isa = PBXBuildFile; fileRef = 63DAEE151E5C9DC20082FCF7 /* PromiseKit.framework */; };
		63DAEE1C1E5CA24C0082FCF7 /* GFImdBTableViewController.swift in Sources */ = {isa = PBXBuildFile; fileRef = 63DAEE1B1E5CA24C0082FCF7 /* GFImdBTableViewController.swift */; };
		63DAEE1F1E5CA2670082FCF7 /* GFDatosIMdbCell.swift in Sources */ = {isa = PBXBuildFile; fileRef = 63DAEE1D1E5CA2670082FCF7 /* GFDatosIMdbCell.swift */; };
		63DAEE201E5CA2670082FCF7 /* GFDatosIMdbCell.xib in Resources */ = {isa = PBXBuildFile; fileRef = 63DAEE1E1E5CA2670082FCF7 /* GFDatosIMdbCell.xib */; };
/* End PBXBuildFile section */

/* Begin PBXFileReference section */
		3E7AC9578452D35673008CE6 /* Pods-AppGraffiti.release.xcconfig */ = {isa = PBXFileReference; includeInIndex = 1; lastKnownFileType = text.xcconfig; name = "Pods-AppGraffiti.release.xcconfig"; path = "Pods/Target Support Files/Pods-AppGraffiti/Pods-AppGraffiti.release.xcconfig"; sourceTree = "<group>"; };
		3E7F2479716F7ED353CF478D /* Pods_AppGraffiti.framework */ = {isa = PBXFileReference; explicitFileType = wrapper.framework; includeInIndex = 0; path = Pods_AppGraffiti.framework; sourceTree = BUILT_PRODUCTS_DIR; };
		634A66AF1E4FBA8800603F6A /* APIUTILS.swift */ = {isa = PBXFileReference; fileEncoding = 4; lastKnownFileType = sourcecode.swift; path = APIUTILS.swift; sourceTree = "<group>"; };
		634A66B11E4FC68800603F6A /* DetalleGraffitiViewController.swift */ = {isa = PBXFileReference; fileEncoding = 4; lastKnownFileType = sourcecode.swift; path = DetalleGraffitiViewController.swift; sourceTree = "<group>"; };
		634A66B71E5395A400603F6A /* AppGraffiti-Bridging-Header.h */ = {isa = PBXFileReference; lastKnownFileType = sourcecode.c.h; path = "AppGraffiti-Bridging-Header.h"; sourceTree = "<group>"; };
		634A66B81E5395A500603F6A /* SWRevealViewController.h */ = {isa = PBXFileReference; fileEncoding = 4; lastKnownFileType = sourcecode.c.h; path = SWRevealViewController.h; sourceTree = "<group>"; };
		634A66B91E5395A500603F6A /* SWRevealViewController.m */ = {isa = PBXFileReference; fileEncoding = 4; lastKnownFileType = sourcecode.c.objc; path = SWRevealViewController.m; sourceTree = "<group>"; };
		634A66BC1E539CE000603F6A /* NoticiasJSONTableViewController.swift */ = {isa = PBXFileReference; fileEncoding = 4; lastKnownFileType = sourcecode.swift; path = NoticiasJSONTableViewController.swift; sourceTree = "<group>"; };
		634A66BE1E53A06600603F6A /* Podfile */ = {isa = PBXFileReference; fileEncoding = 4; lastKnownFileType = text; path = Podfile; sourceTree = "<group>"; xcLanguageSpecificationIdentifier = xcode.lang.ruby; };
		634A66C01E53A12D00603F6A /* Nuke.framework */ = {isa = PBXFileReference; lastKnownFileType = wrapper.framework; name = Nuke.framework; path = "Pods/../build/Debug-iphoneos/Nuke/Nuke.framework"; sourceTree = "<group>"; };
		634A66C11E53A12D00603F6A /* SwiftyJSON.framework */ = {isa = PBXFileReference; lastKnownFileType = wrapper.framework; name = SwiftyJSON.framework; path = "Pods/../build/Debug-iphoneos/SwiftyJSON/SwiftyJSON.framework"; sourceTree = "<group>"; };
		634A66C41E53A15B00603F6A /* NoticiaCustomCell.swift */ = {isa = PBXFileReference; fileEncoding = 4; lastKnownFileType = sourcecode.swift; path = NoticiaCustomCell.swift; sourceTree = "<group>"; };
		634A66C51E53A15B00603F6A /* NoticiaCustomCell.xib */ = {isa = PBXFileReference; fileEncoding = 4; lastKnownFileType = file.xib; path = NoticiaCustomCell.xib; sourceTree = "<group>"; };
		634A66C81E53A27100603F6A /* GFNoticiasModel.swift */ = {isa = PBXFileReference; fileEncoding = 4; lastKnownFileType = sourcecode.swift; path = GFNoticiasModel.swift; sourceTree = "<group>"; };
		634A66CC1E53A32500603F6A /* GFParserData.swift */ = {isa = PBXFileReference; fileEncoding = 4; lastKnownFileType = sourcecode.swift; path = GFParserData.swift; sourceTree = "<group>"; };
		634A66CE1E53A48400603F6A /* APIManagerData.swift */ = {isa = PBXFileReference; fileEncoding = 4; lastKnownFileType = sourcecode.swift; path = APIManagerData.swift; sourceTree = "<group>"; };
		63CC96461E4FB2C80068B2C8 /* AppGraffiti.app */ = {isa = PBXFileReference; explicitFileType = wrapper.application; includeInIndex = 0; path = AppGraffiti.app; sourceTree = BUILT_PRODUCTS_DIR; };
		63CC96491E4FB2C80068B2C8 /* AppDelegate.swift */ = {isa = PBXFileReference; lastKnownFileType = sourcecode.swift; path = AppDelegate.swift; sourceTree = "<group>"; };
		63CC964B1E4FB2C80068B2C8 /* CurrentLocationViewController.swift */ = {isa = PBXFileReference; lastKnownFileType = sourcecode.swift; path = CurrentLocationViewController.swift; sourceTree = "<group>"; };
		63CC964E1E4FB2C80068B2C8 /* Base */ = {isa = PBXFileReference; lastKnownFileType = file.storyboard; name = Base; path = Base.lproj/Main.storyboard; sourceTree = "<group>"; };
		63CC96501E4FB2C80068B2C8 /* Assets.xcassets */ = {isa = PBXFileReference; lastKnownFileType = folder.assetcatalog; path = Assets.xcassets; sourceTree = "<group>"; };
		63CC96531E4FB2C80068B2C8 /* Base */ = {isa = PBXFileReference; lastKnownFileType = file.storyboard; name = Base; path = Base.lproj/LaunchScreen.storyboard; sourceTree = "<group>"; };
		63CC96551E4FB2C80068B2C8 /* Info.plist */ = {isa = PBXFileReference; lastKnownFileType = text.plist.xml; path = Info.plist; sourceTree = "<group>"; };
		63DAEE041E58B15F0082FCF7 /* GraffitiModel.swift */ = {isa = PBXFileReference; fileEncoding = 4; lastKnownFileType = sourcecode.swift; path = GraffitiModel.swift; sourceTree = "<group>"; };
		63DAEE091E58BCD80082FCF7 /* APIHELPERS.swift */ = {isa = PBXFileReference; fileEncoding = 4; lastKnownFileType = sourcecode.swift; path = APIHELPERS.swift; sourceTree = "<group>"; };
		63DAEE0B1E5BB00B0082FCF7 /* ImagenGrafitiViewController.swift */ = {isa = PBXFileReference; fileEncoding = 4; lastKnownFileType = sourcecode.swift; path = ImagenGrafitiViewController.swift; sourceTree = "<group>"; };
		63DAEE0D1E5C6F4C0082FCF7 /* GFdcComicsModel.swift */ = {isa = PBXFileReference; fileEncoding = 4; lastKnownFileType = sourcecode.swift; path = GFdcComicsModel.swift; sourceTree = "<group>"; };
		63DAEE101E5C9DB50082FCF7 /* GFParserIMDBEjemplo.swift */ = {isa = PBXFileReference; fileEncoding = 4; lastKnownFileType = sourcecode.swift; path = GFParserIMDBEjemplo.swift; sourceTree = "<group>"; };
		63DAEE121E5C9DC20082FCF7 /* Alamofire.framework */ = {isa = PBXFileReference; lastKnownFileType = wrapper.framework; name = Alamofire.framework; path = "../../../../../../../../Library/Developer/Xcode/DerivedData/AppGraffiti-cspzgfgwpuxifparncjnfwbmyfsj/Build/Products/Debug-iphoneos/Alamofire/Alamofire.framework"; sourceTree = "<group>"; };
		63DAEE131E5C9DC20082FCF7 /* Kingfisher.framework */ = {isa = PBXFileReference; lastKnownFileType = wrapper.framework; name = Kingfisher.framework; path = "../../../../../../../../Library/Developer/Xcode/DerivedData/AppGraffiti-cspzgfgwpuxifparncjnfwbmyfsj/Build/Products/Debug-iphoneos/Kingfisher/Kingfisher.framework"; sourceTree = "<group>"; };
		63DAEE141E5C9DC20082FCF7 /* PKHUD.framework */ = {isa = PBXFileReference; lastKnownFileType = wrapper.framework; name = PKHUD.framework; path = "../../../../../../../../Library/Developer/Xcode/DerivedData/AppGraffiti-cspzgfgwpuxifparncjnfwbmyfsj/Build/Products/Debug-iphoneos/PKHUD/PKHUD.framework"; sourceTree = "<group>"; };
		63DAEE151E5C9DC20082FCF7 /* PromiseKit.framework */ = {isa = PBXFileReference; lastKnownFileType = wrapper.framework; name = PromiseKit.framework; path = "../../../../../../../../Library/Developer/Xcode/DerivedData/AppGraffiti-cspzgfgwpuxifparncjnfwbmyfsj/Build/Products/Debug-iphoneos/PromiseKit/PromiseKit.framework"; sourceTree = "<group>"; };
		63DAEE1B1E5CA24C0082FCF7 /* GFImdBTableViewController.swift */ = {isa = PBXFileReference; fileEncoding = 4; lastKnownFileType = sourcecode.swift; path = GFImdBTableViewController.swift; sourceTree = "<group>"; };
		63DAEE1D1E5CA2670082FCF7 /* GFDatosIMdbCell.swift */ = {isa = PBXFileReference; fileEncoding = 4; lastKnownFileType = sourcecode.swift; path = GFDatosIMdbCell.swift; sourceTree = "<group>"; };
		63DAEE1E1E5CA2670082FCF7 /* GFDatosIMdbCell.xib */ = {isa = PBXFileReference; fileEncoding = 4; lastKnownFileType = file.xib; path = GFDatosIMdbCell.xib; sourceTree = "<group>"; };
		A4DA0CBEEA3E252A29677380 /* Pods-AppGraffiti.debug.xcconfig */ = {isa = PBXFileReference; includeInIndex = 1; lastKnownFileType = text.xcconfig; name = "Pods-AppGraffiti.debug.xcconfig"; path = "Pods/Target Support Files/Pods-AppGraffiti/Pods-AppGraffiti.debug.xcconfig"; sourceTree = "<group>"; };
/* End PBXFileReference section */

/* Begin PBXFrameworksBuildPhase section */
		63CC96431E4FB2C70068B2C8 /* Frameworks */ = {
			isa = PBXFrameworksBuildPhase;
			buildActionMask = 2147483647;
			files = (
				63DAEE161E5C9DC20082FCF7 /* Alamofire.framework in Frameworks */,
				63DAEE171E5C9DC20082FCF7 /* Kingfisher.framework in Frameworks */,
				63DAEE181E5C9DC20082FCF7 /* PKHUD.framework in Frameworks */,
				63DAEE191E5C9DC20082FCF7 /* PromiseKit.framework in Frameworks */,
				634A66C21E53A12D00603F6A /* Nuke.framework in Frameworks */,
				634A66C31E53A12D00603F6A /* SwiftyJSON.framework in Frameworks */,
				132A3AA1B0C6A7A0AF3319B4 /* Pods_AppGraffiti.framework in Frameworks */,
			);
			runOnlyForDeploymentPostprocessing = 0;
		};
/* End PBXFrameworksBuildPhase section */

/* Begin PBXGroup section */
		04649E9AA19173B38446CB33 /* Pods */ = {
			isa = PBXGroup;
			children = (
				A4DA0CBEEA3E252A29677380 /* Pods-AppGraffiti.debug.xcconfig */,
				3E7AC9578452D35673008CE6 /* Pods-AppGraffiti.release.xcconfig */,
			);
			name = Pods;
			sourceTree = "<group>";
		};
		1E1A95771BB1C088787FB3F2 /* Frameworks */ = {
			isa = PBXGroup;
			children = (
				63DAEE121E5C9DC20082FCF7 /* Alamofire.framework */,
				63DAEE131E5C9DC20082FCF7 /* Kingfisher.framework */,
				63DAEE141E5C9DC20082FCF7 /* PKHUD.framework */,
				63DAEE151E5C9DC20082FCF7 /* PromiseKit.framework */,
				634A66C01E53A12D00603F6A /* Nuke.framework */,
				634A66C11E53A12D00603F6A /* SwiftyJSON.framework */,
				3E7F2479716F7ED353CF478D /* Pods_AppGraffiti.framework */,
			);
			name = Frameworks;
			sourceTree = "<group>";
		};
		634A66BB1E5395B800603F6A /* OBJC */ = {
			isa = PBXGroup;
			children = (
				634A66B81E5395A500603F6A /* SWRevealViewController.h */,
				634A66B91E5395A500603F6A /* SWRevealViewController.m */,
				634A66B71E5395A400603F6A /* AppGraffiti-Bridging-Header.h */,
			);
			name = OBJC;
			sourceTree = "<group>";
		};
		634A66CA1E53A30A00603F6A /* MODELS */ = {
			isa = PBXGroup;
			children = (
				634A66C81E53A27100603F6A /* GFNoticiasModel.swift */,
				63DAEE0D1E5C6F4C0082FCF7 /* GFdcComicsModel.swift */,
			);
			name = MODELS;
			sourceTree = "<group>";
		};
		634A66CB1E53A30F00603F6A /* API */ = {
			isa = PBXGroup;
			children = (
				634A66AF1E4FBA8800603F6A /* APIUTILS.swift */,
				63DAEE091E58BCD80082FCF7 /* APIHELPERS.swift */,
				63DAEE0F1E5C9D870082FCF7 /* PARSER */,
				634A66CE1E53A48400603F6A /* APIManagerData.swift */,
			);
			name = API;
			sourceTree = "<group>";
		};
		63CC963D1E4FB2C70068B2C8 = {
			isa = PBXGroup;
			children = (
				634A66BE1E53A06600603F6A /* Podfile */,
				63CC96481E4FB2C80068B2C8 /* AppGraffiti */,
				63CC96471E4FB2C80068B2C8 /* Products */,
				04649E9AA19173B38446CB33 /* Pods */,
				1E1A95771BB1C088787FB3F2 /* Frameworks */,
			);
			sourceTree = "<group>";
		};
		63CC96471E4FB2C80068B2C8 /* Products */ = {
			isa = PBXGroup;
			children = (
				63CC96461E4FB2C80068B2C8 /* AppGraffiti.app */,
			);
			name = Products;
			sourceTree = "<group>";
		};
		63CC96481E4FB2C80068B2C8 /* AppGraffiti */ = {
			isa = PBXGroup;
			children = (
				634A66BB1E5395B800603F6A /* OBJC */,
				63CC96491E4FB2C80068B2C8 /* AppDelegate.swift */,
				63DAEE061E58B1980082FCF7 /* MODEL */,
				634A66CB1E53A30F00603F6A /* API */,
				634A66CA1E53A30A00603F6A /* MODELS */,
				63DAEE081E58B35D0082FCF7 /* VIEW_MAPAS */,
				63DAEE071E58B34B0082FCF7 /* VIEW_JSON_SYNC */,
				63CC964D1E4FB2C80068B2C8 /* Main.storyboard */,
				63CC96501E4FB2C80068B2C8 /* Assets.xcassets */,
				63CC96521E4FB2C80068B2C8 /* LaunchScreen.storyboard */,
				63CC96551E4FB2C80068B2C8 /* Info.plist */,
			);
			path = AppGraffiti;
			sourceTree = "<group>";
		};
		63DAEE061E58B1980082FCF7 /* MODEL */ = {
			isa = PBXGroup;
			children = (
				63DAEE041E58B15F0082FCF7 /* GraffitiModel.swift */,
			);
			name = MODEL;
			sourceTree = "<group>";
		};
		63DAEE071E58B34B0082FCF7 /* VIEW_JSON_SYNC */ = {
			isa = PBXGroup;
			children = (
				634A66BC1E539CE000603F6A /* NoticiasJSONTableViewController.swift */,
				63DAEE1B1E5CA24C0082FCF7 /* GFImdBTableViewController.swift */,
				63DAEE211E5CA26E0082FCF7 /* XIB_ IMdB */,
				63DAEE1A1E5CA21F0082FCF7 /* XIB_NOTICIAS */,
			);
			name = VIEW_JSON_SYNC;
			sourceTree = "<group>";
		};
		63DAEE081E58B35D0082FCF7 /* VIEW_MAPAS */ = {
			isa = PBXGroup;
			children = (
				63CC964B1E4FB2C80068B2C8 /* CurrentLocationViewController.swift */,
				634A66B11E4FC68800603F6A /* DetalleGraffitiViewController.swift */,
				63DAEE0B1E5BB00B0082FCF7 /* ImagenGrafitiViewController.swift */,
			);
			name = VIEW_MAPAS;
			sourceTree = "<group>";
		};
		63DAEE0F1E5C9D870082FCF7 /* PARSER */ = {
			isa = PBXGroup;
			children = (
				634A66CC1E53A32500603F6A /* GFParserData.swift */,
				63DAEE101E5C9DB50082FCF7 /* GFParserIMDBEjemplo.swift */,
			);
			name = PARSER;
			sourceTree = "<group>";
		};
		63DAEE1A1E5CA21F0082FCF7 /* XIB_NOTICIAS */ = {
			isa = PBXGroup;
			children = (
				634A66C41E53A15B00603F6A /* NoticiaCustomCell.swift */,
				634A66C51E53A15B00603F6A /* NoticiaCustomCell.xib */,
			);
			name = XIB_NOTICIAS;
			sourceTree = "<group>";
		};
		63DAEE211E5CA26E0082FCF7 /* XIB_ IMdB */ = {
			isa = PBXGroup;
			children = (
				63DAEE1D1E5CA2670082FCF7 /* GFDatosIMdbCell.swift */,
				63DAEE1E1E5CA2670082FCF7 /* GFDatosIMdbCell.xib */,
			);
			name = "XIB_ IMdB";
			sourceTree = "<group>";
		};
/* End PBXGroup section */

/* Begin PBXNativeTarget section */
		63CC96451E4FB2C70068B2C8 /* AppGraffiti */ = {
			isa = PBXNativeTarget;
			buildConfigurationList = 63CC96581E4FB2C80068B2C8 /* Build configuration list for PBXNativeTarget "AppGraffiti" */;
			buildPhases = (
				4A866B807DD1AEC604DEFF41 /* [CP] Check Pods Manifest.lock */,
				63CC96421E4FB2C70068B2C8 /* Sources */,
				63CC96431E4FB2C70068B2C8 /* Frameworks */,
				63CC96441E4FB2C70068B2C8 /* Resources */,
				0B71C70EB0E55CD64E331454 /* [CP] Embed Pods Frameworks */,
				63C3A7694A1C99619DC8FE09 /* [CP] Copy Pods Resources */,
			);
			buildRules = (
			);
			dependencies = (
			);
			name = AppGraffiti;
			productName = AppGraffiti;
			productReference = 63CC96461E4FB2C80068B2C8 /* AppGraffiti.app */;
			productType = "com.apple.product-type.application";
		};
/* End PBXNativeTarget section */

/* Begin PBXProject section */
		63CC963E1E4FB2C70068B2C8 /* Project object */ = {
			isa = PBXProject;
			attributes = {
				LastSwiftUpdateCheck = 0820;
				LastUpgradeCheck = 0820;
				ORGANIZATIONNAME = icologic;
				TargetAttributes = {
					63CC96451E4FB2C70068B2C8 = {
						CreatedOnToolsVersion = 8.2.1;
						DevelopmentTeam = 2C7W4RF846;
						LastSwiftMigration = 0820;
						ProvisioningStyle = Automatic;
					};
				};
			};
			buildConfigurationList = 63CC96411E4FB2C70068B2C8 /* Build configuration list for PBXProject "AppGraffiti" */;
			compatibilityVersion = "Xcode 3.2";
			developmentRegion = English;
			hasScannedForEncodings = 0;
			knownRegions = (
				en,
				Base,
			);
			mainGroup = 63CC963D1E4FB2C70068B2C8;
			productRefGroup = 63CC96471E4FB2C80068B2C8 /* Products */;
			projectDirPath = "";
			projectRoot = "";
			targets = (
				63CC96451E4FB2C70068B2C8 /* AppGraffiti */,
			);
		};
/* End PBXProject section */

/* Begin PBXResourcesBuildPhase section */
		63CC96441E4FB2C70068B2C8 /* Resources */ = {
			isa = PBXResourcesBuildPhase;
			buildActionMask = 2147483647;
			files = (
				63DAEE201E5CA2670082FCF7 /* GFDatosIMdbCell.xib in Resources */,
				63CC96541E4FB2C80068B2C8 /* LaunchScreen.storyboard in Resources */,
				634A66C71E53A15B00603F6A /* NoticiaCustomCell.xib in Resources */,
				63CC96511E4FB2C80068B2C8 /* Assets.xcassets in Resources */,
				634A66BF1E53A06600603F6A /* Podfile in Resources */,
				63CC964F1E4FB2C80068B2C8 /* Main.storyboard in Resources */,
			);
			runOnlyForDeploymentPostprocessing = 0;
		};
/* End PBXResourcesBuildPhase section */

/* Begin PBXShellScriptBuildPhase section */
		0B71C70EB0E55CD64E331454 /* [CP] Embed Pods Frameworks */ = {
			isa = PBXShellScriptBuildPhase;
			buildActionMask = 2147483647;
			files = (
			);
			inputPaths = (
			);
			name = "[CP] Embed Pods Frameworks";
			outputPaths = (
			);
			runOnlyForDeploymentPostprocessing = 0;
			shellPath = /bin/sh;
			shellScript = "\"${SRCROOT}/Pods/Target Support Files/Pods-AppGraffiti/Pods-AppGraffiti-frameworks.sh\"\n";
			showEnvVarsInLog = 0;
		};
		4A866B807DD1AEC604DEFF41 /* [CP] Check Pods Manifest.lock */ = {
			isa = PBXShellScriptBuildPhase;
			buildActionMask = 2147483647;
			files = (
			);
			inputPaths = (
			);
			name = "[CP] Check Pods Manifest.lock";
			outputPaths = (
			);
			runOnlyForDeploymentPostprocessing = 0;
			shellPath = /bin/sh;
			shellScript = "diff \"${PODS_ROOT}/../Podfile.lock\" \"${PODS_ROOT}/Manifest.lock\" > /dev/null\nif [ $? != 0 ] ; then\n    # print error to STDERR\n    echo \"error: The sandbox is not in sync with the Podfile.lock. Run 'pod install' or update your CocoaPods installation.\" >&2\n    exit 1\nfi\n";
			showEnvVarsInLog = 0;
		};
		63C3A7694A1C99619DC8FE09 /* [CP] Copy Pods Resources */ = {
			isa = PBXShellScriptBuildPhase;
			buildActionMask = 2147483647;
			files = (
			);
			inputPaths = (
			);
			name = "[CP] Copy Pods Resources";
			outputPaths = (
			);
			runOnlyForDeploymentPostprocessing = 0;
			shellPath = /bin/sh;
			shellScript = "\"${SRCROOT}/Pods/Target Support Files/Pods-AppGraffiti/Pods-AppGraffiti-resources.sh\"\n";
			showEnvVarsInLog = 0;
		};
/* End PBXShellScriptBuildPhase section */

/* Begin PBXSourcesBuildPhase section */
		63CC96421E4FB2C70068B2C8 /* Sources */ = {
			isa = PBXSourcesBuildPhase;
			buildActionMask = 2147483647;
			files = (
				63DAEE111E5C9DB50082FCF7 /* GFParserIMDBEjemplo.swift in Sources */,
				63DAEE0A1E58BCD80082FCF7 /* APIHELPERS.swift in Sources */,
				634A66C91E53A27100603F6A /* GFNoticiasModel.swift in Sources */,
				634A66B21E4FC68800603F6A /* DetalleGraffitiViewController.swift in Sources */,
				63DAEE0C1E5BB00B0082FCF7 /* ImagenGrafitiViewController.swift in Sources */,
				634A66BD1E539CE000603F6A /* NoticiasJSONTableViewController.swift in Sources */,
				63DAEE0E1E5C6F4C0082FCF7 /* GFdcComicsModel.swift in Sources */,
				63DAEE051E58B15F0082FCF7 /* GraffitiModel.swift in Sources */,
				63CC964C1E4FB2C80068B2C8 /* CurrentLocationViewController.swift in Sources */,
				634A66BA1E5395A500603F6A /* SWRevealViewController.m in Sources */,
				63DAEE1F1E5CA2670082FCF7 /* GFDatosIMdbCell.swift in Sources */,
				63DAEE1C1E5CA24C0082FCF7 /* GFImdBTableViewController.swift in Sources */,
				634A66CD1E53A32500603F6A /* GFParserData.swift in Sources */,
				634A66B01E4FBA8800603F6A /* APIUTILS.swift in Sources */,
				634A66C61E53A15B00603F6A /* NoticiaCustomCell.swift in Sources */,
				634A66CF1E53A48400603F6A /* APIManagerData.swift in Sources */,
				63CC964A1E4FB2C80068B2C8 /* AppDelegate.swift in Sources */,
			);
			runOnlyForDeploymentPostprocessing = 0;
		};
/* End PBXSourcesBuildPhase section */

/* Begin PBXVariantGroup section */
		63CC964D1E4FB2C80068B2C8 /* Main.storyboard */ = {
			isa = PBXVariantGroup;
			children = (
				63CC964E1E4FB2C80068B2C8 /* Base */,
			);
			name = Main.storyboard;
			sourceTree = "<group>";
		};
		63CC96521E4FB2C80068B2C8 /* LaunchScreen.storyboard */ = {
			isa = PBXVariantGroup;
			children = (
				63CC96531E4FB2C80068B2C8 /* Base */,
			);
			name = LaunchScreen.storyboard;
			sourceTree = "<group>";
		};
/* End PBXVariantGroup section */

/* Begin XCBuildConfiguration section */
		63CC96561E4FB2C80068B2C8 /* Debug */ = {
			isa = XCBuildConfiguration;
			buildSettings = {
				ALWAYS_SEARCH_USER_PATHS = NO;
				CLANG_ANALYZER_NONNULL = YES;
				CLANG_CXX_LANGUAGE_STANDARD = "gnu++0x";
				CLANG_CXX_LIBRARY = "libc++";
				CLANG_ENABLE_MODULES = YES;
				CLANG_ENABLE_OBJC_ARC = YES;
				CLANG_WARN_BOOL_CONVERSION = YES;
				CLANG_WARN_CONSTANT_CONVERSION = YES;
				CLANG_WARN_DIRECT_OBJC_ISA_USAGE = YES_ERROR;
				CLANG_WARN_DOCUMENTATION_COMMENTS = YES;
				CLANG_WARN_EMPTY_BODY = YES;
				CLANG_WARN_ENUM_CONVERSION = YES;
				CLANG_WARN_INFINITE_RECURSION = YES;
				CLANG_WARN_INT_CONVERSION = YES;
				CLANG_WARN_OBJC_ROOT_CLASS = YES_ERROR;
				CLANG_WARN_SUSPICIOUS_MOVE = YES;
				CLANG_WARN_UNREACHABLE_CODE = YES;
				CLANG_WARN__DUPLICATE_METHOD_MATCH = YES;
				"CODE_SIGN_IDENTITY[sdk=iphoneos*]" = "iPhone Developer";
				COPY_PHASE_STRIP = NO;
				DEBUG_INFORMATION_FORMAT = dwarf;
				ENABLE_STRICT_OBJC_MSGSEND = YES;
				ENABLE_TESTABILITY = YES;
				GCC_C_LANGUAGE_STANDARD = gnu99;
				GCC_DYNAMIC_NO_PIC = NO;
				GCC_NO_COMMON_BLOCKS = YES;
				GCC_OPTIMIZATION_LEVEL = 0;
				GCC_PREPROCESSOR_DEFINITIONS = (
					"DEBUG=1",
					"$(inherited)",
				);
				GCC_WARN_64_TO_32_BIT_CONVERSION = YES;
				GCC_WARN_ABOUT_RETURN_TYPE = YES_ERROR;
				GCC_WARN_UNDECLARED_SELECTOR = YES;
				GCC_WARN_UNINITIALIZED_AUTOS = YES_AGGRESSIVE;
				GCC_WARN_UNUSED_FUNCTION = YES;
				GCC_WARN_UNUSED_VARIABLE = YES;
				IPHONEOS_DEPLOYMENT_TARGET = 10.2;
				MTL_ENABLE_DEBUG_INFO = YES;
				ONLY_ACTIVE_ARCH = YES;
				SDKROOT = iphoneos;
				SWIFT_ACTIVE_COMPILATION_CONDITIONS = DEBUG;
				SWIFT_OPTIMIZATION_LEVEL = "-Onone";
			};
			name = Debug;
		};
		63CC96571E4FB2C80068B2C8 /* Release */ = {
			isa = XCBuildConfiguration;
			buildSettings = {
				ALWAYS_SEARCH_USER_PATHS = NO;
				CLANG_ANALYZER_NONNULL = YES;
				CLANG_CXX_LANGUAGE_STANDARD = "gnu++0x";
				CLANG_CXX_LIBRARY = "libc++";
				CLANG_ENABLE_MODULES = YES;
				CLANG_ENABLE_OBJC_ARC = YES;
				CLANG_WARN_BOOL_CONVERSION = YES;
				CLANG_WARN_CONSTANT_CONVERSION = YES;
				CLANG_WARN_DIRECT_OBJC_ISA_USAGE = YES_ERROR;
				CLANG_WARN_DOCUMENTATION_COMMENTS = YES;
				CLANG_WARN_EMPTY_BODY = YES;
				CLANG_WARN_ENUM_CONVERSION = YES;
				CLANG_WARN_INFINITE_RECURSION = YES;
				CLANG_WARN_INT_CONVERSION = YES;
				CLANG_WARN_OBJC_ROOT_CLASS = YES_ERROR;
				CLANG_WARN_SUSPICIOUS_MOVE = YES;
				CLANG_WARN_UNREACHABLE_CODE = YES;
				CLANG_WARN__DUPLICATE_METHOD_MATCH = YES;
				"CODE_SIGN_IDENTITY[sdk=iphoneos*]" = "iPhone Developer";
				COPY_PHASE_STRIP = NO;
				DEBUG_INFORMATION_FORMAT = "dwarf-with-dsym";
				ENABLE_NS_ASSERTIONS = NO;
				ENABLE_STRICT_OBJC_MSGSEND = YES;
				GCC_C_LANGUAGE_STANDARD = gnu99;
				GCC_NO_COMMON_BLOCKS = YES;
				GCC_WARN_64_TO_32_BIT_CONVERSION = YES;
				GCC_WARN_ABOUT_RETURN_TYPE = YES_ERROR;
				GCC_WARN_UNDECLARED_SELECTOR = YES;
				GCC_WARN_UNINITIALIZED_AUTOS = YES_AGGRESSIVE;
				GCC_WARN_UNUSED_FUNCTION = YES;
				GCC_WARN_UNUSED_VARIABLE = YES;
				IPHONEOS_DEPLOYMENT_TARGET = 10.2;
				MTL_ENABLE_DEBUG_INFO = NO;
				SDKROOT = iphoneos;
				SWIFT_OPTIMIZATION_LEVEL = "-Owholemodule";
				VALIDATE_PRODUCT = YES;
			};
			name = Release;
		};
		63CC96591E4FB2C80068B2C8 /* Debug */ = {
			isa = XCBuildConfiguration;
			baseConfigurationReference = A4DA0CBEEA3E252A29677380 /* Pods-AppGraffiti.debug.xcconfig */;
			buildSettings = {
				ASSETCATALOG_COMPILER_APPICON_NAME = AppIcon;
				CLANG_ENABLE_MODULES = YES;
				DEVELOPMENT_TEAM = 2C7W4RF846;
				FRAMEWORK_SEARCH_PATHS = (
					"$(inherited)",
					"$(PROJECT_DIR)/build/Debug-iphoneos/Nuke",
					"$(PROJECT_DIR)/build/Debug-iphoneos/SwiftyJSON",
				);
				INFOPLIST_FILE = AppGraffiti/Info.plist;
				LD_RUNPATH_SEARCH_PATHS = "$(inherited) @executable_path/Frameworks";
				PRODUCT_BUNDLE_IDENTIFIER = es.icologic.iOS.AppGraffiti;
				PRODUCT_NAME = "$(TARGET_NAME)";
				SWIFT_OBJC_BRIDGING_HEADER = "AppGraffiti/AppGraffiti-Bridging-Header.h";
				SWIFT_OPTIMIZATION_LEVEL = "-Onone";
				SWIFT_VERSION = 3.0;
			};
			name = Debug;
		};
		63CC965A1E4FB2C80068B2C8 /* Release */ = {
			isa = XCBuildConfiguration;
			baseConfigurationReference = 3E7AC9578452D35673008CE6 /* Pods-AppGraffiti.release.xcconfig */;
			buildSettings = {
				ASSETCATALOG_COMPILER_APPICON_NAME = AppIcon;
				CLANG_ENABLE_MODULES = YES;
				DEVELOPMENT_TEAM = 2C7W4RF846;
				FRAMEWORK_SEARCH_PATHS = (
					"$(inherited)",
					"$(PROJECT_DIR)/build/Debug-iphoneos/Nuke",
					"$(PROJECT_DIR)/build/Debug-iphoneos/SwiftyJSON",
				);
				INFOPLIST_FILE = AppGraffiti/Info.plist;
				LD_RUNPATH_SEARCH_PATHS = "$(inherited) @executable_path/Frameworks";
				PRODUCT_BUNDLE_IDENTIFIER = es.icologic.iOS.AppGraffiti;
				PRODUCT_NAME = "$(TARGET_NAME)";
				SWIFT_OBJC_BRIDGING_HEADER = "AppGraffiti/AppGraffiti-Bridging-Header.h";
				SWIFT_VERSION = 3.0;
			};
			name = Release;
		};
/* End XCBuildConfiguration section */

/* Begin XCConfigurationList section */
		63CC96411E4FB2C70068B2C8 /* Build configuration list for PBXProject "AppGraffiti" */ = {
			isa = XCConfigurationList;
			buildConfigurations = (
				63CC96561E4FB2C80068B2C8 /* Debug */,
				63CC96571E4FB2C80068B2C8 /* Release */,
			);
			defaultConfigurationIsVisible = 0;
			defaultConfigurationName = Release;
		};
		63CC96581E4FB2C80068B2C8 /* Build configuration list for PBXNativeTarget "AppGraffiti" */ = {
			isa = XCConfigurationList;
			buildConfigurations = (
				63CC96591E4FB2C80068B2C8 /* Debug */,
				63CC965A1E4FB2C80068B2C8 /* Release */,
			);
			defaultConfigurationIsVisible = 0;
			defaultConfigurationName = Release;
		};
/* End XCConfigurationList section */
	};
	rootObject = 63CC963E1E4FB2C70068B2C8 /* Project object */;
}
