// !$*UTF8*$!
{
	archiveVersion = 1;
	classes = {
	};
	objectVersion = 46;
	objects = {

/* Begin PBXBuildFile section */
		63CC964A1E4FB2C80068B2C8 /* AppDelegate.swift in Sources */ = {isa = PBXBuildFile; fileRef = 63CC96491E4FB2C80068B2C8 /* AppDelegate.swift */; };
		63CC964C1E4FB2C80068B2C8 /* ViewController.swift in Sources */ = {isa = PBXBuildFile; fileRef = 63CC964B1E4FB2C80068B2C8 /* ViewController.swift */; };
		63CC964F1E4FB2C80068B2C8 /* Main.storyboard in Resources */ = {isa = PBXBuildFile; fileRef = 63CC964D1E4FB2C80068B2C8 /* Main.storyboard */; };
		63CC96511E4FB2C80068B2C8 /* Assets.xcassets in Resources */ = {isa = PBXBuildFile; fileRef = 63CC96501E4FB2C80068B2C8 /* Assets.xcassets */; };
		63CC96541E4FB2C80068B2C8 /* LaunchScreen.storyboard in Resources */ = {isa = PBXBuildFile; fileRef = 63CC96521E4FB2C80068B2C8 /* LaunchScreen.storyboard */; };
/* End PBXBuildFile section */

/* Begin PBXFileReference section */
		63CC96461E4FB2C80068B2C8 /* AppGraffiti.app */ = {isa = PBXFileReference; explicitFileType = wrapper.application; includeInIndex = 0; path = AppGraffiti.app; sourceTree = BUILT_PRODUCTS_DIR; };
		63CC96491E4FB2C80068B2C8 /* AppDelegate.swift */ = {isa = PBXFileReference; lastKnownFileType = sourcecode.swift; path = AppDelegate.swift; sourceTree = "<group>"; };
		63CC964B1E4FB2C80068B2C8 /* ViewController.swift */ = {isa = PBXFileReference; lastKnownFileType = sourcecode.swift; path = ViewController.swift; sourceTree = "<group>"; };
		63CC964E1E4FB2C80068B2C8 /* Base */ = {isa = PBXFileReference; lastKnownFileType = file.storyboard; name = Base; path = Base.lproj/Main.storyboard; sourceTree = "<group>"; };
		63CC96501E4FB2C80068B2C8 /* Assets.xcassets */ = {isa = PBXFileReference; lastKnownFileType = folder.assetcatalog; path = Assets.xcassets; sourceTree = "<group>"; };
		63CC96531E4FB2C80068B2C8 /* Base */ = {isa = PBXFileReference; lastKnownFileType = file.storyboard; name = Base; path = Base.lproj/LaunchScreen.storyboard; sourceTree = "<group>"; };
		63CC96551E4FB2C80068B2C8 /* Info.plist */ = {isa = PBXFileReference; lastKnownFileType = text.plist.xml; path = Info.plist; sourceTree = "<group>"; };
/* End PBXFileReference section */

/* Begin PBXFrameworksBuildPhase section */
		63CC96431E4FB2C70068B2C8 /* Frameworks */ = {
			isa = PBXFrameworksBuildPhase;
			buildActionMask = 2147483647;
			files = (
			);
			runOnlyForDeploymentPostprocessing = 0;
		};
/* End PBXFrameworksBuildPhase section */

/* Begin PBXGroup section */
		63CC963D1E4FB2C70068B2C8 = {
			isa = PBXGroup;
			children = (
				63CC96481E4FB2C80068B2C8 /* AppGraffiti */,
				63CC96471E4FB2C80068B2C8 /* Products */,
			);
			sourceTree = "<group>";
		};
		63CC96471E4FB2C80068B2C8 /* Products */ = {
			isa = PBXGroup;
			children = (
				63CC96461E4FB2C80068B2C8 /* AppGraffiti.app */,
			);
			name = Products;
			sourceTree = "<group>";
		};
		63CC96481E4FB2C80068B2C8 /* AppGraffiti */ = {
			isa = PBXGroup;
			children = (
				63CC96491E4FB2C80068B2C8 /* AppDelegate.swift */,
				63CC964B1E4FB2C80068B2C8 /* ViewController.swift */,
				63CC964D1E4FB2C80068B2C8 /* Main.storyboard */,
				63CC96501E4FB2C80068B2C8 /* Assets.xcassets */,
				63CC96521E4FB2C80068B2C8 /* LaunchScreen.storyboard */,
				63CC96551E4FB2C80068B2C8 /* Info.plist */,
			);
			path = AppGraffiti;
			sourceTree = "<group>";
		};
/* End PBXGroup section */

/* Begin PBXNativeTarget section */
		63CC96451E4FB2C70068B2C8 /* AppGraffiti */ = {
			isa = PBXNativeTarget;
			buildConfigurationList = 63CC96581E4FB2C80068B2C8 /* Build configuration list for PBXNativeTarget "AppGraffiti" */;
			buildPhases = (
				63CC96421E4FB2C70068B2C8 /* Sources */,
				63CC96431E4FB2C70068B2C8 /* Frameworks */,
				63CC96441E4FB2C70068B2C8 /* Resources */,
			);
			buildRules = (
			);
			dependencies = (
			);
			name = AppGraffiti;
			productName = AppGraffiti;
			productReference = 63CC96461E4FB2C80068B2C8 /* AppGraffiti.app */;
			productType = "com.apple.product-type.application";
		};
/* End PBXNativeTarget section */

/* Begin PBXProject section */
		63CC963E1E4FB2C70068B2C8 /* Project object */ = {
			isa = PBXProject;
			attributes = {
				LastSwiftUpdateCheck = 0820;
				LastUpgradeCheck = 0820;
				ORGANIZATIONNAME = icologic;
				TargetAttributes = {
					63CC96451E4FB2C70068B2C8 = {
						CreatedOnToolsVersion = 8.2.1;
						DevelopmentTeam = 2C7W4RF846;
						ProvisioningStyle = Automatic;
					};
				};
			};
			buildConfigurationList = 63CC96411E4FB2C70068B2C8 /* Build configuration list for PBXProject "AppGraffiti" */;
			compatibilityVersion = "Xcode 3.2";
			developmentRegion = English;
			hasScannedForEncodings = 0;
			knownRegions = (
				en,
				Base,
			);
			mainGroup = 63CC963D1E4FB2C70068B2C8;
			productRefGroup = 63CC96471E4FB2C80068B2C8 /* Products */;
			projectDirPath = "";
			projectRoot = "";
			targets = (
				63CC96451E4FB2C70068B2C8 /* AppGraffiti */,
			);
		};
/* End PBXProject section */

/* Begin PBXResourcesBuildPhase section */
		63CC96441E4FB2C70068B2C8 /* Resources */ = {
			isa = PBXResourcesBuildPhase;
			buildActionMask = 2147483647;
			files = (
				63CC96541E4FB2C80068B2C8 /* LaunchScreen.storyboard in Resources */,
				63CC96511E4FB2C80068B2C8 /* Assets.xcassets in Resources */,
				63CC964F1E4FB2C80068B2C8 /* Main.storyboard in Resources */,
			);
			runOnlyForDeploymentPostprocessing = 0;
		};
/* End PBXResourcesBuildPhase section */

/* Begin PBXSourcesBuildPhase section */
		63CC96421E4FB2C70068B2C8 /* Sources */ = {
			isa = PBXSourcesBuildPhase;
			buildActionMask = 2147483647;
			files = (
				63CC964C1E4FB2C80068B2C8 /* ViewController.swift in Sources */,
				63CC964A1E4FB2C80068B2C8 /* AppDelegate.swift in Sources */,
			);
			runOnlyForDeploymentPostprocessing = 0;
		};
/* End PBXSourcesBuildPhase section */

/* Begin PBXVariantGroup section */
		63CC964D1E4FB2C80068B2C8 /* Main.storyboard */ = {
			isa = PBXVariantGroup;
			children = (
				63CC964E1E4FB2C80068B2C8 /* Base */,
			);
			name = Main.storyboard;
			sourceTree = "<group>";
		};
		63CC96521E4FB2C80068B2C8 /* LaunchScreen.storyboard */ = {
			isa = PBXVariantGroup;
			children = (
				63CC96531E4FB2C80068B2C8 /* Base */,
			);
			name = LaunchScreen.storyboard;
			sourceTree = "<group>";
		};
/* End PBXVariantGroup section */

/* Begin XCBuildConfiguration section */
		63CC96561E4FB2C80068B2C8 /* Debug */ = {
			isa = XCBuildConfiguration;
			buildSettings = {
				ALWAYS_SEARCH_USER_PATHS = NO;
				CLANG_ANALYZER_NONNULL = YES;
				CLANG_CXX_LANGUAGE_STANDARD = "gnu++0x";
				CLANG_CXX_LIBRARY = "libc++";
				CLANG_ENABLE_MODULES = YES;
				CLANG_ENABLE_OBJC_ARC = YES;
				CLANG_WARN_BOOL_CONVERSION = YES;
				CLANG_WARN_CONSTANT_CONVERSION = YES;
				CLANG_WARN_DIRECT_OBJC_ISA_USAGE = YES_ERROR;
				CLANG_WARN_DOCUMENTATION_COMMENTS = YES;
				CLANG_WARN_EMPTY_BODY = YES;
				CLANG_WARN_ENUM_CONVERSION = YES;
				CLANG_WARN_INFINITE_RECURSION = YES;
				CLANG_WARN_INT_CONVERSION = YES;
				CLANG_WARN_OBJC_ROOT_CLASS = YES_ERROR;
				CLANG_WARN_SUSPICIOUS_MOVE = YES;
				CLANG_WARN_UNREACHABLE_CODE = YES;
				CLANG_WARN__DUPLICATE_METHOD_MATCH = YES;
				"CODE_SIGN_IDENTITY[sdk=iphoneos*]" = "iPhone Developer";
				COPY_PHASE_STRIP = NO;
				DEBUG_INFORMATION_FORMAT = dwarf;
				ENABLE_STRICT_OBJC_MSGSEND = YES;
				ENABLE_TESTABILITY = YES;
				GCC_C_LANGUAGE_STANDARD = gnu99;
				GCC_DYNAMIC_NO_PIC = NO;
				GCC_NO_COMMON_BLOCKS = YES;
				GCC_OPTIMIZATION_LEVEL = 0;
				GCC_PREPROCESSOR_DEFINITIONS = (
					"DEBUG=1",
					"$(inherited)",
				);
				GCC_WARN_64_TO_32_BIT_CONVERSION = YES;
				GCC_WARN_ABOUT_RETURN_TYPE = YES_ERROR;
				GCC_WARN_UNDECLARED_SELECTOR = YES;
				GCC_WARN_UNINITIALIZED_AUTOS = YES_AGGRESSIVE;
				GCC_WARN_UNUSED_FUNCTION = YES;
				GCC_WARN_UNUSED_VARIABLE = YES;
				IPHONEOS_DEPLOYMENT_TARGET = 10.2;
				MTL_ENABLE_DEBUG_INFO = YES;
				ONLY_ACTIVE_ARCH = YES;
				SDKROOT = iphoneos;
				SWIFT_ACTIVE_COMPILATION_CONDITIONS = DEBUG;
				SWIFT_OPTIMIZATION_LEVEL = "-Onone";
			};
			name = Debug;
		};
		63CC96571E4FB2C80068B2C8 /* Release */ = {
			isa = XCBuildConfiguration;
			buildSettings = {
				ALWAYS_SEARCH_USER_PATHS = NO;
				CLANG_ANALYZER_NONNULL = YES;
				CLANG_CXX_LANGUAGE_STANDARD = "gnu++0x";
				CLANG_CXX_LIBRARY = "libc++";
				CLANG_ENABLE_MODULES = YES;
				CLANG_ENABLE_OBJC_ARC = YES;
				CLANG_WARN_BOOL_CONVERSION = YES;
				CLANG_WARN_CONSTANT_CONVERSION = YES;
				CLANG_WARN_DIRECT_OBJC_ISA_USAGE = YES_ERROR;
				CLANG_WARN_DOCUMENTATION_COMMENTS = YES;
				CLANG_WARN_EMPTY_BODY = YES;
				CLANG_WARN_ENUM_CONVERSION = YES;
				CLANG_WARN_INFINITE_RECURSION = YES;
				CLANG_WARN_INT_CONVERSION = YES;
				CLANG_WARN_OBJC_ROOT_CLASS = YES_ERROR;
				CLANG_WARN_SUSPICIOUS_MOVE = YES;
				CLANG_WARN_UNREACHABLE_CODE = YES;
				CLANG_WARN__DUPLICATE_METHOD_MATCH = YES;
				"CODE_SIGN_IDENTITY[sdk=iphoneos*]" = "iPhone Developer";
				COPY_PHASE_STRIP = NO;
				DEBUG_INFORMATION_FORMAT = "dwarf-with-dsym";
				ENABLE_NS_ASSERTIONS = NO;
				ENABLE_STRICT_OBJC_MSGSEND = YES;
				GCC_C_LANGUAGE_STANDARD = gnu99;
				GCC_NO_COMMON_BLOCKS = YES;
				GCC_WARN_64_TO_32_BIT_CONVERSION = YES;
				GCC_WARN_ABOUT_RETURN_TYPE = YES_ERROR;
				GCC_WARN_UNDECLARED_SELECTOR = YES;
				GCC_WARN_UNINITIALIZED_AUTOS = YES_AGGRESSIVE;
				GCC_WARN_UNUSED_FUNCTION = YES;
				GCC_WARN_UNUSED_VARIABLE = YES;
				IPHONEOS_DEPLOYMENT_TARGET = 10.2;
				MTL_ENABLE_DEBUG_INFO = NO;
				SDKROOT = iphoneos;
				SWIFT_OPTIMIZATION_LEVEL = "-Owholemodule";
				VALIDATE_PRODUCT = YES;
			};
			name = Release;
		};
		63CC96591E4FB2C80068B2C8 /* Debug */ = {
			isa = XCBuildConfiguration;
			buildSettings = {
				ASSETCATALOG_COMPILER_APPICON_NAME = AppIcon;
				DEVELOPMENT_TEAM = 2C7W4RF846;
				INFOPLIST_FILE = AppGraffiti/Info.plist;
				LD_RUNPATH_SEARCH_PATHS = "$(inherited) @executable_path/Frameworks";
				PRODUCT_BUNDLE_IDENTIFIER = es.icologic.iOS.AppGraffiti;
				PRODUCT_NAME = "$(TARGET_NAME)";
				SWIFT_VERSION = 3.0;
			};
			name = Debug;
		};
		63CC965A1E4FB2C80068B2C8 /* Release */ = {
			isa = XCBuildConfiguration;
			buildSettings = {
				ASSETCATALOG_COMPILER_APPICON_NAME = AppIcon;
				DEVELOPMENT_TEAM = 2C7W4RF846;
				INFOPLIST_FILE = AppGraffiti/Info.plist;
				LD_RUNPATH_SEARCH_PATHS = "$(inherited) @executable_path/Frameworks";
				PRODUCT_BUNDLE_IDENTIFIER = es.icologic.iOS.AppGraffiti;
				PRODUCT_NAME = "$(TARGET_NAME)";
				SWIFT_VERSION = 3.0;
			};
			name = Release;
		};
/* End XCBuildConfiguration section */

/* Begin XCConfigurationList section */
		63CC96411E4FB2C70068B2C8 /* Build configuration list for PBXProject "AppGraffiti" */ = {
			isa = XCConfigurationList;
			buildConfigurations = (
				63CC96561E4FB2C80068B2C8 /* Debug */,
				63CC96571E4FB2C80068B2C8 /* Release */,
			);
			defaultConfigurationIsVisible = 0;
			defaultConfigurationName = Release;
		};
		63CC96581E4FB2C80068B2C8 /* Build configuration list for PBXNativeTarget "AppGraffiti" */ = {
			isa = XCConfigurationList;
			buildConfigurations = (
				63CC96591E4FB2C80068B2C8 /* Debug */,
				63CC965A1E4FB2C80068B2C8 /* Release */,
			);
			defaultConfigurationIsVisible = 0;
		};
/* End XCConfigurationList section */
	};
	rootObject = 63CC963E1E4FB2C70068B2C8 /* Project object */;
}
